
Microsoft Visual Studio Solution File, Format Version 12.00
# Visual Studio Version 16
VisualStudioVersion = 16.0.33130.400
MinimumVisualStudioVersion = 10.0.40219.1
Project("{FAE04EC0-301F-11D3-BF4B-00C04F79EFBC}") = "classSubmission", "classSubmission\classSubmission.csproj", "{B6DD6D9E-D9F4-45E1-97A7-73CA8CC30FBC}"
EndProject
Global
	GlobalSection(SolutionConfigurationPlatforms) = preSolution
		Debug|Any CPU = Debug|Any CPU
		Release|Any CPU = Release|Any CPU
	EndGlobalSection
	GlobalSection(ProjectConfigurationPlatforms) = postSolution
		{B6DD6D9E-D9F4-45E1-97A7-73CA8CC30FBC}.Debug|Any CPU.ActiveCfg = Debug|Any CPU
		{B6DD6D9E-D9F4-45E1-97A7-73CA8CC30FBC}.Debug|Any CPU.Build.0 = Debug|Any CPU
		{B6DD6D9E-D9F4-45E1-97A7-73CA8CC30FBC}.Release|Any CPU.ActiveCfg = Release|Any CPU
		{B6DD6D9E-D9F4-45E1-97A7-73CA8CC30FBC}.Release|Any CPU.Build.0 = Release|Any CPU
	EndGlobalSection
	GlobalSection(SolutionProperties) = preSolution
		HideSolutionNode = FALSE
	EndGlobalSection
	GlobalSection(ExtensibilityGlobals) = postSolution
		SolutionGuid = {C890B094-1A43-46BE-8DAD-030E17D30EF9}
	EndGlobalSection
EndGlobal
