
Microsoft Visual Studio Solution File, Format Version 12.00
# Visual Studio Version 16
VisualStudioVersion = 16.0.33130.400
MinimumVisualStudioVersion = 10.0.40219.1
Project("{FAE04EC0-301F-11D3-BF4B-00C04F79EFBC}") = "constructorAssignment", "constructorAssignment\constructorAssignment.csproj", "{C153B3E5-428A-47E5-A0BC-66B464943F4B}"
EndProject
Global
	GlobalSection(SolutionConfigurationPlatforms) = preSolution
		Debug|Any CPU = Debug|Any CPU
		Release|Any CPU = Release|Any CPU
	EndGlobalSection
	GlobalSection(ProjectConfigurationPlatforms) = postSolution
		{C153B3E5-428A-47E5-A0BC-66B464943F4B}.Debug|Any CPU.ActiveCfg = Debug|Any CPU
		{C153B3E5-428A-47E5-A0BC-66B464943F4B}.Debug|Any CPU.Build.0 = Debug|Any CPU
		{C153B3E5-428A-47E5-A0BC-66B464943F4B}.Release|Any CPU.ActiveCfg = Release|Any CPU
		{C153B3E5-428A-47E5-A0BC-66B464943F4B}.Release|Any CPU.Build.0 = Release|Any CPU
	EndGlobalSection
	GlobalSection(SolutionProperties) = preSolution
		HideSolutionNode = FALSE
	EndGlobalSection
	GlobalSection(ExtensibilityGlobals) = postSolution
		SolutionGuid = {31A8464E-1227-495E-AD4F-356CBCDDD474}
	EndGlobalSection
EndGlobal
