
Microsoft Visual Studio Solution File, Format Version 12.00
# Visual Studio Version 17
VisualStudioVersion = 17.4.33213.308
MinimumVisualStudioVersion = 10.0.40219.1
Project("{FAE04EC0-301F-11D3-BF4B-00C04F79EFBC}") = "Challenge2", "Challenge2\Challenge2.csproj", "{6118BABB-CDB4-4ECD-B5BF-BCFE4B40CFF1}"
EndProject
Global
	GlobalSection(SolutionConfigurationPlatforms) = preSolution
		Debug|Any CPU = Debug|Any CPU
		Release|Any CPU = Release|Any CPU
	EndGlobalSection
	GlobalSection(ProjectConfigurationPlatforms) = postSolution
		{6118BABB-CDB4-4ECD-B5BF-BCFE4B40CFF1}.Debug|Any CPU.ActiveCfg = Debug|Any CPU
		{6118BABB-CDB4-4ECD-B5BF-BCFE4B40CFF1}.Debug|Any CPU.Build.0 = Debug|Any CPU
		{6118BABB-CDB4-4ECD-B5BF-BCFE4B40CFF1}.Release|Any CPU.ActiveCfg = Release|Any CPU
		{6118BABB-CDB4-4ECD-B5BF-BCFE4B40CFF1}.Release|Any CPU.Build.0 = Release|Any CPU
	EndGlobalSection
	GlobalSection(SolutionProperties) = preSolution
		HideSolutionNode = FALSE
	EndGlobalSection
	GlobalSection(ExtensibilityGlobals) = postSolution
		SolutionGuid = {BCDCF223-D272-43E6-A8ED-5A842C487A02}
	EndGlobalSection
EndGlobal
