
Microsoft Visual Studio Solution File, Format Version 12.00
# Visual Studio Version 16
VisualStudioVersion = 16.0.33130.400
MinimumVisualStudioVersion = 10.0.40219.1
Project("{FAE04EC0-301F-11D3-BF4B-00C04F79EFBC}") = "carInsurance", "carInsurance\carInsurance.csproj", "{FEE5CF92-7E2E-4381-ABCA-143977DF87E1}"
EndProject
Global
	GlobalSection(SolutionConfigurationPlatforms) = preSolution
		Debug|Any CPU = Debug|Any CPU
		Release|Any CPU = Release|Any CPU
	EndGlobalSection
	GlobalSection(ProjectConfigurationPlatforms) = postSolution
		{FEE5CF92-7E2E-4381-ABCA-143977DF87E1}.Debug|Any CPU.ActiveCfg = Debug|Any CPU
		{FEE5CF92-7E2E-4381-ABCA-143977DF87E1}.Debug|Any CPU.Build.0 = Debug|Any CPU
		{FEE5CF92-7E2E-4381-ABCA-143977DF87E1}.Release|Any CPU.ActiveCfg = Release|Any CPU
		{FEE5CF92-7E2E-4381-ABCA-143977DF87E1}.Release|Any CPU.Build.0 = Release|Any CPU
	EndGlobalSection
	GlobalSection(SolutionProperties) = preSolution
		HideSolutionNode = FALSE
	EndGlobalSection
	GlobalSection(ExtensibilityGlobals) = postSolution
		SolutionGuid = {C194DB7B-777D-41EF-A287-D205AAA29523}
	EndGlobalSection
EndGlobal
