
Microsoft Visual Studio Solution File, Format Version 12.00
# Visual Studio Version 16
VisualStudioVersion = 16.0.33130.400
MinimumVisualStudioVersion = 10.0.40219.1
Project("{FAE04EC0-301F-11D3-BF4B-00C04F79EFBC}") = "dailyReport.cs", "dailyReport.cs\dailyReport.cs.csproj", "{81E4584E-878E-4C22-8DC7-D6B1BA4A1AE3}"
EndProject
Global
	GlobalSection(SolutionConfigurationPlatforms) = preSolution
		Debug|Any CPU = Debug|Any CPU
		Release|Any CPU = Release|Any CPU
	EndGlobalSection
	GlobalSection(ProjectConfigurationPlatforms) = postSolution
		{81E4584E-878E-4C22-8DC7-D6B1BA4A1AE3}.Debug|Any CPU.ActiveCfg = Debug|Any CPU
		{81E4584E-878E-4C22-8DC7-D6B1BA4A1AE3}.Debug|Any CPU.Build.0 = Debug|Any CPU
		{81E4584E-878E-4C22-8DC7-D6B1BA4A1AE3}.Release|Any CPU.ActiveCfg = Release|Any CPU
		{81E4584E-878E-4C22-8DC7-D6B1BA4A1AE3}.Release|Any CPU.Build.0 = Release|Any CPU
	EndGlobalSection
	GlobalSection(SolutionProperties) = preSolution
		HideSolutionNode = FALSE
	EndGlobalSection
	GlobalSection(ExtensibilityGlobals) = postSolution
		SolutionGuid = {976B7330-A370-4265-892C-325244760AEF}
	EndGlobalSection
EndGlobal
