
Microsoft Visual Studio Solution File, Format Version 12.00
# Visual Studio Version 16
VisualStudioVersion = 16.0.33130.400
MinimumVisualStudioVersion = 10.0.40219.1
Project("{FAE04EC0-301F-11D3-BF4B-00C04F79EFBC}") = "abstractClass", "abstractClass\abstractClass.csproj", "{F108D84F-4F0D-44BC-A41A-2E1DC49AECF5}"
EndProject
Global
	GlobalSection(SolutionConfigurationPlatforms) = preSolution
		Debug|Any CPU = Debug|Any CPU
		Release|Any CPU = Release|Any CPU
	EndGlobalSection
	GlobalSection(ProjectConfigurationPlatforms) = postSolution
		{F108D84F-4F0D-44BC-A41A-2E1DC49AECF5}.Debug|Any CPU.ActiveCfg = Debug|Any CPU
		{F108D84F-4F0D-44BC-A41A-2E1DC49AECF5}.Debug|Any CPU.Build.0 = Debug|Any CPU
		{F108D84F-4F0D-44BC-A41A-2E1DC49AECF5}.Release|Any CPU.ActiveCfg = Release|Any CPU
		{F108D84F-4F0D-44BC-A41A-2E1DC49AECF5}.Release|Any CPU.Build.0 = Release|Any CPU
	EndGlobalSection
	GlobalSection(SolutionProperties) = preSolution
		HideSolutionNode = FALSE
	EndGlobalSection
	GlobalSection(ExtensibilityGlobals) = postSolution
		SolutionGuid = {8651BFCC-C0B5-4FD9-9C18-6376E4C01D63}
	EndGlobalSection
EndGlobal
